{
    "doctrine/data-fixtures": {
        "version": "v1.3.0"
    },
    "doctrine/doctrine-fixtures-bundle": {
        "version": "3.0",
        "recipe": {
            "repo": "github.com/symfony/recipes",
            "branch": "master",
            "version": "3.0",
            "ref": "2ea6070ecf365f9a801ccaed4b31d4a3b7af5693"
        }
    },
    "overblog/graphql-bundle": {
        "version": "0.9",
        "recipe": {
            "repo": "github.com/symfony/recipes-contrib",
            "branch": "master",
            "version": "0.9",
            "ref": "31775bd62133c1ed66fac537694909c25fbfb879"
        }
    },
    "overblog/graphql-php-generator": {
        "version": "v0.6.0"
    },
    "symfony/expression-language": {
        "version": "v4.0.1"
    },
    "symfony/polyfill-php72": {
        "version": "v1.6.0"
    },
    "symfony/security-guard": {
        "version": "v3.4.0"
    },
    "symfony/webpack-encore-pack": {
        "version": "1.0",
        "recipe": {
            "repo": "github.com/symfony/recipes",
            "branch": "master",
            "version": "1.0",
            "ref": "9954e3835ce82fee2682be8501ce0511bb867812"
        }
    },
    "webonyx/graphql-php": {
        "version": "v0.11.4"
    }
}
